
Microsoft Visual Studio Solution File, Format Version 12.00
# Visual Studio Version 16
VisualStudioVersion = 16.0.35325.158
MinimumVisualStudioVersion = 10.0.40219.1
Project("{FAE04EC0-301F-11D3-BF4B-00C04F79EFBC}") = "BaiTapNangCao", "nangCaoC\BaiTapNangCao.csproj", "{39A0C557-8609-4CF6-B10D-417713F4AEA6}"
EndProject
Global
	GlobalSection(SolutionConfigurationPlatforms) = preSolution
		Debug|Any CPU = Debug|Any CPU
		Release|Any CPU = Release|Any CPU
	EndGlobalSection
	GlobalSection(ProjectConfigurationPlatforms) = postSolution
		{39A0C557-8609-4CF6-B10D-417713F4AEA6}.Debug|Any CPU.ActiveCfg = Debug|Any CPU
		{39A0C557-8609-4CF6-B10D-417713F4AEA6}.Debug|Any CPU.Build.0 = Debug|Any CPU
		{39A0C557-8609-4CF6-B10D-417713F4AEA6}.Release|Any CPU.ActiveCfg = Release|Any CPU
		{39A0C557-8609-4CF6-B10D-417713F4AEA6}.Release|Any CPU.Build.0 = Release|Any CPU
	EndGlobalSection
	GlobalSection(SolutionProperties) = preSolution
		HideSolutionNode = FALSE
	EndGlobalSection
	GlobalSection(ExtensibilityGlobals) = postSolution
		SolutionGuid = {E3C8E114-8BE2-4534-8542-70659DC5C676}
	EndGlobalSection
EndGlobal
